
Microsoft Visual Studio Solution File, Format Version 12.00
# Visual Studio 15
VisualStudioVersion = 15.0.28010.2036
MinimumVisualStudioVersion = 10.0.40219.1
Project("{FAE04EC0-301F-11D3-BF4B-00C04F79EFBC}") = "Lesson00-Prework", "Lesson00-Prework\Lesson00-Prework.csproj", "{563512FB-817F-44CC-B784-7E96A1A49C0B}"
EndProject
Global
	GlobalSection(SolutionConfigurationPlatforms) = preSolution
		Debug|Any CPU = Debug|Any CPU
		Release|Any CPU = Release|Any CPU
	EndGlobalSection
	GlobalSection(ProjectConfigurationPlatforms) = postSolution
		{563512FB-817F-44CC-B784-7E96A1A49C0B}.Debug|Any CPU.ActiveCfg = Debug|Any CPU
		{563512FB-817F-44CC-B784-7E96A1A49C0B}.Debug|Any CPU.Build.0 = Debug|Any CPU
		{563512FB-817F-44CC-B784-7E96A1A49C0B}.Release|Any CPU.ActiveCfg = Release|Any CPU
		{563512FB-817F-44CC-B784-7E96A1A49C0B}.Release|Any CPU.Build.0 = Release|Any CPU
	EndGlobalSection
	GlobalSection(SolutionProperties) = preSolution
		HideSolutionNode = FALSE
	EndGlobalSection
	GlobalSection(ExtensibilityGlobals) = postSolution
		SolutionGuid = {0EF97BFC-EBE1-4D71-B959-7333BC04350E}
	EndGlobalSection
EndGlobal
